
Microsoft Visual Studio Solution File, Format Version 12.00
# Visual Studio 15
Project("{FAE04EC0-301F-11D3-BF4B-00C04F79EFBC}") = "VinylAppApi", "VinylAppApi.csproj", "{668CB9EF-2199-4EBB-9F62-1E1F91E99035}"
EndProject
Global
	GlobalSection(SolutionConfigurationPlatforms) = preSolution
		Debug|Any CPU = Debug|Any CPU
		Release|Any CPU = Release|Any CPU
	EndGlobalSection
	GlobalSection(ProjectConfigurationPlatforms) = postSolution
		{668CB9EF-2199-4EBB-9F62-1E1F91E99035}.Debug|Any CPU.ActiveCfg = Debug|Any CPU
		{668CB9EF-2199-4EBB-9F62-1E1F91E99035}.Debug|Any CPU.Build.0 = Debug|Any CPU
		{668CB9EF-2199-4EBB-9F62-1E1F91E99035}.Release|Any CPU.ActiveCfg = Release|Any CPU
		{668CB9EF-2199-4EBB-9F62-1E1F91E99035}.Release|Any CPU.Build.0 = Release|Any CPU
	EndGlobalSection
EndGlobal
